// !$*UTF8*$!
{
	archiveVersion = 1;
	classes = {
	};
	objectVersion = 77;
	objects = {

/* Begin PBXBuildFile section */
		04011B302E060FB7002944F5 /* Alamofire in Frameworks */ = {isa = PBXBuildFile; productRef = 04011B2F2E060FB7002944F5 /* Alamofire */; };
		041AE5A72E06ABF6000827B3 /* Swinject in Frameworks */ = {isa = PBXBuildFile; productRef = 041AE5A62E06ABF6000827B3 /* Swinject */; };
		041AE5F32E06B673000827B3 /* Shimmer in Frameworks */ = {isa = PBXBuildFile; productRef = 041AE5F22E06B673000827B3 /* Shimmer */; };
		B83DCD212E09A730009FE751 /* CodeScanner in Frameworks */ = {isa = PBXBuildFile; productRef = B83DCD202E09A730009FE751 /* CodeScanner */; };
		EEC8F9512E0C14F0000FD709 /* Lottie in Frameworks */ = {isa = PBXBuildFile; productRef = EEC8F9502E0C14F0000FD709 /* Lottie */; };
/* End PBXBuildFile section */

/* Begin PBXContainerItemProxy section */
		04DBB8B02DFADAEF006AA2FE /* PBXContainerItemProxy */ = {
			isa = PBXContainerItemProxy;
			containerPortal = 04DBB8952DFADAEE006AA2FE /* Project object */;
			proxyType = 1;
			remoteGlobalIDString = 04DBB89C2DFADAEE006AA2FE;
			remoteInfo = "At Once";
		};
		04DBB8BA2DFADAEF006AA2FE /* PBXContainerItemProxy */ = {
			isa = PBXContainerItemProxy;
			containerPortal = 04DBB8952DFADAEE006AA2FE /* Project object */;
			proxyType = 1;
			remoteGlobalIDString = 04DBB89C2DFADAEE006AA2FE;
			remoteInfo = "At Once";
		};
/* End PBXContainerItemProxy section */

/* Begin PBXFileReference section */
		04DBB89D2DFADAEE006AA2FE /* AtOnce.app */ = {isa = PBXFileReference; explicitFileType = wrapper.application; includeInIndex = 0; path = AtOnce.app; sourceTree = BUILT_PRODUCTS_DIR; };
		04DBB8AF2DFADAEF006AA2FE /* AtOnceTests.xctest */ = {isa = PBXFileReference; explicitFileType = wrapper.cfbundle; includeInIndex = 0; path = AtOnceTests.xctest; sourceTree = BUILT_PRODUCTS_DIR; };
		04DBB8B92DFADAEF006AA2FE /* AtOnceUITests.xctest */ = {isa = PBXFileReference; explicitFileType = wrapper.cfbundle; includeInIndex = 0; path = AtOnceUITests.xctest; sourceTree = BUILT_PRODUCTS_DIR; };
/* End PBXFileReference section */

/* Begin PBXFileSystemSynchronizedBuildFileExceptionSet section */
		B83DD1072E09CCB0009FE751 /* Exceptions for "AtOnce" folder in "AtOnce" target */ = {
			isa = PBXFileSystemSynchronizedBuildFileExceptionSet;
			membershipExceptions = (
				Info.plist,
			);
			target = 04DBB89C2DFADAEE006AA2FE /* AtOnce */;
		};
/* End PBXFileSystemSynchronizedBuildFileExceptionSet section */

/* Begin PBXFileSystemSynchronizedRootGroup section */
		04DBB89F2DFADAEE006AA2FE /* AtOnce */ = {
			isa = PBXFileSystemSynchronizedRootGroup;
			exceptions = (
				B83DD1072E09CCB0009FE751 /* Exceptions for "AtOnce" folder in "AtOnce" target */,
			);
			path = AtOnce;
			sourceTree = "<group>";
		};
		04DBB8B22DFADAEF006AA2FE /* AtOnceTests */ = {
			isa = PBXFileSystemSynchronizedRootGroup;
			path = AtOnceTests;
			sourceTree = "<group>";
		};
		04DBB8BC2DFADAEF006AA2FE /* AtOnceUITests */ = {
			isa = PBXFileSystemSynchronizedRootGroup;
			path = AtOnceUITests;
			sourceTree = "<group>";
		};
/* End PBXFileSystemSynchronizedRootGroup section */

/* Begin PBXFrameworksBuildPhase section */
		04DBB89A2DFADAEE006AA2FE /* Frameworks */ = {
			isa = PBXFrameworksBuildPhase;
			buildActionMask = 2147483647;
			files = (
				EEC8F9512E0C14F0000FD709 /* Lottie in Frameworks */,
				B83DCD212E09A730009FE751 /* CodeScanner in Frameworks */,
				041AE5F32E06B673000827B3 /* Shimmer in Frameworks */,
				04011B302E060FB7002944F5 /* Alamofire in Frameworks */,
				041AE5A72E06ABF6000827B3 /* Swinject in Frameworks */,
			);
			runOnlyForDeploymentPostprocessing = 0;
		};
		04DBB8AC2DFADAEF006AA2FE /* Frameworks */ = {
			isa = PBXFrameworksBuildPhase;
			buildActionMask = 2147483647;
			files = (
			);
			runOnlyForDeploymentPostprocessing = 0;
		};
		04DBB8B62DFADAEF006AA2FE /* Frameworks */ = {
			isa = PBXFrameworksBuildPhase;
			buildActionMask = 2147483647;
			files = (
			);
			runOnlyForDeploymentPostprocessing = 0;
		};
/* End PBXFrameworksBuildPhase section */

/* Begin PBXGroup section */
		04DBB8942DFADAEE006AA2FE = {
			isa = PBXGroup;
			children = (
				04DBB89F2DFADAEE006AA2FE /* AtOnce */,
				04DBB8B22DFADAEF006AA2FE /* AtOnceTests */,
				04DBB8BC2DFADAEF006AA2FE /* AtOnceUITests */,
				04DBB89E2DFADAEE006AA2FE /* Products */,
			);
			sourceTree = "<group>";
		};
		04DBB89E2DFADAEE006AA2FE /* Products */ = {
			isa = PBXGroup;
			children = (
				04DBB89D2DFADAEE006AA2FE /* AtOnce.app */,
				04DBB8AF2DFADAEF006AA2FE /* AtOnceTests.xctest */,
				04DBB8B92DFADAEF006AA2FE /* AtOnceUITests.xctest */,
			);
			name = Products;
			sourceTree = "<group>";
		};
/* End PBXGroup section */

/* Begin PBXNativeTarget section */
		04DBB89C2DFADAEE006AA2FE /* AtOnce */ = {
			isa = PBXNativeTarget;
			buildConfigurationList = 04DBB8C32DFADAEF006AA2FE /* Build configuration list for PBXNativeTarget "AtOnce" */;
			buildPhases = (
				04DBB8992DFADAEE006AA2FE /* Sources */,
				04DBB89A2DFADAEE006AA2FE /* Frameworks */,
				04DBB89B2DFADAEE006AA2FE /* Resources */,
			);
			buildRules = (
			);
			dependencies = (
			);
			fileSystemSynchronizedGroups = (
				04DBB89F2DFADAEE006AA2FE /* AtOnce */,
			);
			name = AtOnce;
			packageProductDependencies = (
				04011B2F2E060FB7002944F5 /* Alamofire */,
				041AE5A62E06ABF6000827B3 /* Swinject */,
				041AE5F22E06B673000827B3 /* Shimmer */,
				B83DCD202E09A730009FE751 /* CodeScanner */,
				EEC8F9502E0C14F0000FD709 /* Lottie */,
			);
			productName = "At Once";
			productReference = 04DBB89D2DFADAEE006AA2FE /* AtOnce.app */;
			productType = "com.apple.product-type.application";
		};
		04DBB8AE2DFADAEF006AA2FE /* AtOnceTests */ = {
			isa = PBXNativeTarget;
			buildConfigurationList = 04DBB8C62DFADAEF006AA2FE /* Build configuration list for PBXNativeTarget "AtOnceTests" */;
			buildPhases = (
				04DBB8AB2DFADAEF006AA2FE /* Sources */,
				04DBB8AC2DFADAEF006AA2FE /* Frameworks */,
				04DBB8AD2DFADAEF006AA2FE /* Resources */,
			);
			buildRules = (
			);
			dependencies = (
				04DBB8B12DFADAEF006AA2FE /* PBXTargetDependency */,
			);
			fileSystemSynchronizedGroups = (
				04DBB8B22DFADAEF006AA2FE /* AtOnceTests */,
			);
			name = AtOnceTests;
			packageProductDependencies = (
			);
			productName = "At OnceTests";
			productReference = 04DBB8AF2DFADAEF006AA2FE /* AtOnceTests.xctest */;
			productType = "com.apple.product-type.bundle.unit-test";
		};
		04DBB8B82DFADAEF006AA2FE /* AtOnceUITests */ = {
			isa = PBXNativeTarget;
			buildConfigurationList = 04DBB8C92DFADAEF006AA2FE /* Build configuration list for PBXNativeTarget "AtOnceUITests" */;
			buildPhases = (
				04DBB8B52DFADAEF006AA2FE /* Sources */,
				04DBB8B62DFADAEF006AA2FE /* Frameworks */,
				04DBB8B72DFADAEF006AA2FE /* Resources */,
			);
			buildRules = (
			);
			dependencies = (
				04DBB8BB2DFADAEF006AA2FE /* PBXTargetDependency */,
			);
			fileSystemSynchronizedGroups = (
				04DBB8BC2DFADAEF006AA2FE /* AtOnceUITests */,
			);
			name = AtOnceUITests;
			packageProductDependencies = (
			);
			productName = "At OnceUITests";
			productReference = 04DBB8B92DFADAEF006AA2FE /* AtOnceUITests.xctest */;
			productType = "com.apple.product-type.bundle.ui-testing";
		};
/* End PBXNativeTarget section */

/* Begin PBXProject section */
		04DBB8952DFADAEE006AA2FE /* Project object */ = {
			isa = PBXProject;
			attributes = {
				BuildIndependentTargetsInParallel = 1;
				LastSwiftUpdateCheck = 1630;
				LastUpgradeCheck = 1630;
				TargetAttributes = {
					04DBB89C2DFADAEE006AA2FE = {
						CreatedOnToolsVersion = 16.3;
					};
					04DBB8AE2DFADAEF006AA2FE = {
						CreatedOnToolsVersion = 16.3;
						TestTargetID = 04DBB89C2DFADAEE006AA2FE;
					};
					04DBB8B82DFADAEF006AA2FE = {
						CreatedOnToolsVersion = 16.3;
						TestTargetID = 04DBB89C2DFADAEE006AA2FE;
					};
				};
			};
			buildConfigurationList = 04DBB8982DFADAEE006AA2FE /* Build configuration list for PBXProject "AtOnce" */;
			developmentRegion = en;
			hasScannedForEncodings = 0;
			knownRegions = (
				en,
				Base,
				ar,
			);
			mainGroup = 04DBB8942DFADAEE006AA2FE;
			minimizedProjectReferenceProxies = 1;
			packageReferences = (
				04011B2E2E060FB7002944F5 /* XCRemoteSwiftPackageReference "Alamofire" */,
				041AE5A52E06ABF6000827B3 /* XCRemoteSwiftPackageReference "Swinject" */,
				041AE5F12E06B673000827B3 /* XCRemoteSwiftPackageReference "SwiftUI-Shimmer" */,
				B83DCD1F2E09A730009FE751 /* XCRemoteSwiftPackageReference "CodeScanner" */,
				EEC8F94F2E0C14F0000FD709 /* XCRemoteSwiftPackageReference "lottie-ios" */,
			);
			preferredProjectObjectVersion = 77;
			productRefGroup = 04DBB89E2DFADAEE006AA2FE /* Products */;
			projectDirPath = "";
			projectRoot = "";
			targets = (
				04DBB89C2DFADAEE006AA2FE /* AtOnce */,
				04DBB8AE2DFADAEF006AA2FE /* AtOnceTests */,
				04DBB8B82DFADAEF006AA2FE /* AtOnceUITests */,
			);
		};
/* End PBXProject section */

/* Begin PBXResourcesBuildPhase section */
		04DBB89B2DFADAEE006AA2FE /* Resources */ = {
			isa = PBXResourcesBuildPhase;
			buildActionMask = 2147483647;
			files = (
			);
			runOnlyForDeploymentPostprocessing = 0;
		};
		04DBB8AD2DFADAEF006AA2FE /* Resources */ = {
			isa = PBXResourcesBuildPhase;
			buildActionMask = 2147483647;
			files = (
			);
			runOnlyForDeploymentPostprocessing = 0;
		};
		04DBB8B72DFADAEF006AA2FE /* Resources */ = {
			isa = PBXResourcesBuildPhase;
			buildActionMask = 2147483647;
			files = (
			);
			runOnlyForDeploymentPostprocessing = 0;
		};
/* End PBXResourcesBuildPhase section */

/* Begin PBXSourcesBuildPhase section */
		04DBB8992DFADAEE006AA2FE /* Sources */ = {
			isa = PBXSourcesBuildPhase;
			buildActionMask = 2147483647;
			files = (
			);
			runOnlyForDeploymentPostprocessing = 0;
		};
		04DBB8AB2DFADAEF006AA2FE /* Sources */ = {
			isa = PBXSourcesBuildPhase;
			buildActionMask = 2147483647;
			files = (
			);
			runOnlyForDeploymentPostprocessing = 0;
		};
		04DBB8B52DFADAEF006AA2FE /* Sources */ = {
			isa = PBXSourcesBuildPhase;
			buildActionMask = 2147483647;
			files = (
			);
			runOnlyForDeploymentPostprocessing = 0;
		};
/* End PBXSourcesBuildPhase section */

/* Begin PBXTargetDependency section */
		04DBB8B12DFADAEF006AA2FE /* PBXTargetDependency */ = {
			isa = PBXTargetDependency;
			target = 04DBB89C2DFADAEE006AA2FE /* AtOnce */;
			targetProxy = 04DBB8B02DFADAEF006AA2FE /* PBXContainerItemProxy */;
		};
		04DBB8BB2DFADAEF006AA2FE /* PBXTargetDependency */ = {
			isa = PBXTargetDependency;
			target = 04DBB89C2DFADAEE006AA2FE /* AtOnce */;
			targetProxy = 04DBB8BA2DFADAEF006AA2FE /* PBXContainerItemProxy */;
		};
/* End PBXTargetDependency section */

/* Begin XCBuildConfiguration section */
		04DBB8C12DFADAEF006AA2FE /* Debug */ = {
			isa = XCBuildConfiguration;
			buildSettings = {
				ALWAYS_SEARCH_USER_PATHS = NO;
				ASSETCATALOG_COMPILER_GENERATE_SWIFT_ASSET_SYMBOL_EXTENSIONS = YES;
				CLANG_ANALYZER_NONNULL = YES;
				CLANG_ANALYZER_NUMBER_OBJECT_CONVERSION = YES_AGGRESSIVE;
				CLANG_CXX_LANGUAGE_STANDARD = "gnu++20";
				CLANG_ENABLE_MODULES = YES;
				CLANG_ENABLE_OBJC_ARC = YES;
				CLANG_ENABLE_OBJC_WEAK = YES;
				CLANG_WARN_BLOCK_CAPTURE_AUTORELEASING = YES;
				CLANG_WARN_BOOL_CONVERSION = YES;
				CLANG_WARN_COMMA = YES;
				CLANG_WARN_CONSTANT_CONVERSION = YES;
				CLANG_WARN_DEPRECATED_OBJC_IMPLEMENTATIONS = YES;
				CLANG_WARN_DIRECT_OBJC_ISA_USAGE = YES_ERROR;
				CLANG_WARN_DOCUMENTATION_COMMENTS = YES;
				CLANG_WARN_EMPTY_BODY = YES;
				CLANG_WARN_ENUM_CONVERSION = YES;
				CLANG_WARN_INFINITE_RECURSION = YES;
				CLANG_WARN_INT_CONVERSION = YES;
				CLANG_WARN_NON_LITERAL_NULL_CONVERSION = YES;
				CLANG_WARN_OBJC_IMPLICIT_RETAIN_SELF = YES;
				CLANG_WARN_OBJC_LITERAL_CONVERSION = YES;
				CLANG_WARN_OBJC_ROOT_CLASS = YES_ERROR;
				CLANG_WARN_QUOTED_INCLUDE_IN_FRAMEWORK_HEADER = YES;
				CLANG_WARN_RANGE_LOOP_ANALYSIS = YES;
				CLANG_WARN_STRICT_PROTOTYPES = YES;
				CLANG_WARN_SUSPICIOUS_MOVE = YES;
				CLANG_WARN_UNGUARDED_AVAILABILITY = YES_AGGRESSIVE;
				CLANG_WARN_UNREACHABLE_CODE = YES;
				CLANG_WARN__DUPLICATE_METHOD_MATCH = YES;
				COPY_PHASE_STRIP = NO;
				DEBUG_INFORMATION_FORMAT = dwarf;
				ENABLE_STRICT_OBJC_MSGSEND = YES;
				ENABLE_TESTABILITY = YES;
				ENABLE_USER_SCRIPT_SANDBOXING = YES;
				GCC_C_LANGUAGE_STANDARD = gnu17;
				GCC_DYNAMIC_NO_PIC = NO;
				GCC_NO_COMMON_BLOCKS = YES;
				GCC_OPTIMIZATION_LEVEL = 0;
				GCC_PREPROCESSOR_DEFINITIONS = (
					"DEBUG=1",
					"$(inherited)",
				);
				GCC_WARN_64_TO_32_BIT_CONVERSION = YES;
				GCC_WARN_ABOUT_RETURN_TYPE = YES_ERROR;
				GCC_WARN_UNDECLARED_SELECTOR = YES;
				GCC_WARN_UNINITIALIZED_AUTOS = YES_AGGRESSIVE;
				GCC_WARN_UNUSED_FUNCTION = YES;
				GCC_WARN_UNUSED_VARIABLE = YES;
				IPHONEOS_DEPLOYMENT_TARGET = 18.4;
				LOCALIZATION_PREFERS_STRING_CATALOGS = YES;
				MTL_ENABLE_DEBUG_INFO = INCLUDE_SOURCE;
				MTL_FAST_MATH = YES;
				ONLY_ACTIVE_ARCH = YES;
				SDKROOT = iphoneos;
				SWIFT_ACTIVE_COMPILATION_CONDITIONS = "DEBUG $(inherited)";
				SWIFT_EMIT_LOC_STRINGS = YES;
				SWIFT_OPTIMIZATION_LEVEL = "-Onone";
			};
			name = Debug;
		};
		04DBB8C22DFADAEF006AA2FE /* Release */ = {
			isa = XCBuildConfiguration;
			buildSettings = {
				ALWAYS_SEARCH_USER_PATHS = NO;
				ASSETCATALOG_COMPILER_GENERATE_SWIFT_ASSET_SYMBOL_EXTENSIONS = YES;
				CLANG_ANALYZER_NONNULL = YES;
				CLANG_ANALYZER_NUMBER_OBJECT_CONVERSION = YES_AGGRESSIVE;
				CLANG_CXX_LANGUAGE_STANDARD = "gnu++20";
				CLANG_ENABLE_MODULES = YES;
				CLANG_ENABLE_OBJC_ARC = YES;
				CLANG_ENABLE_OBJC_WEAK = YES;
				CLANG_WARN_BLOCK_CAPTURE_AUTORELEASING = YES;
				CLANG_WARN_BOOL_CONVERSION = YES;
				CLANG_WARN_COMMA = YES;
				CLANG_WARN_CONSTANT_CONVERSION = YES;
				CLANG_WARN_DEPRECATED_OBJC_IMPLEMENTATIONS = YES;
				CLANG_WARN_DIRECT_OBJC_ISA_USAGE = YES_ERROR;
				CLANG_WARN_DOCUMENTATION_COMMENTS = YES;
				CLANG_WARN_EMPTY_BODY = YES;
				CLANG_WARN_ENUM_CONVERSION = YES;
				CLANG_WARN_INFINITE_RECURSION = YES;
				CLANG_WARN_INT_CONVERSION = YES;
				CLANG_WARN_NON_LITERAL_NULL_CONVERSION = YES;
				CLANG_WARN_OBJC_IMPLICIT_RETAIN_SELF = YES;
				CLANG_WARN_OBJC_LITERAL_CONVERSION = YES;
				CLANG_WARN_OBJC_ROOT_CLASS = YES_ERROR;
				CLANG_WARN_QUOTED_INCLUDE_IN_FRAMEWORK_HEADER = YES;
				CLANG_WARN_RANGE_LOOP_ANALYSIS = YES;
				CLANG_WARN_STRICT_PROTOTYPES = YES;
				CLANG_WARN_SUSPICIOUS_MOVE = YES;
				CLANG_WARN_UNGUARDED_AVAILABILITY = YES_AGGRESSIVE;
				CLANG_WARN_UNREACHABLE_CODE = YES;
				CLANG_WARN__DUPLICATE_METHOD_MATCH = YES;
				COPY_PHASE_STRIP = NO;
				DEBUG_INFORMATION_FORMAT = "dwarf-with-dsym";
				ENABLE_NS_ASSERTIONS = NO;
				ENABLE_STRICT_OBJC_MSGSEND = YES;
				ENABLE_USER_SCRIPT_SANDBOXING = YES;
				GCC_C_LANGUAGE_STANDARD = gnu17;
				GCC_NO_COMMON_BLOCKS = YES;
				GCC_WARN_64_TO_32_BIT_CONVERSION = YES;
				GCC_WARN_ABOUT_RETURN_TYPE = YES_ERROR;
				GCC_WARN_UNDECLARED_SELECTOR = YES;
				GCC_WARN_UNINITIALIZED_AUTOS = YES_AGGRESSIVE;
				GCC_WARN_UNUSED_FUNCTION = YES;
				GCC_WARN_UNUSED_VARIABLE = YES;
				IPHONEOS_DEPLOYMENT_TARGET = 18.4;
				LOCALIZATION_PREFERS_STRING_CATALOGS = YES;
				MTL_ENABLE_DEBUG_INFO = NO;
				MTL_FAST_MATH = YES;
				SDKROOT = iphoneos;
				SWIFT_COMPILATION_MODE = wholemodule;
				SWIFT_EMIT_LOC_STRINGS = YES;
				VALIDATE_PRODUCT = YES;
			};
			name = Release;
		};
		04DBB8C42DFADAEF006AA2FE /* Debug */ = {
			isa = XCBuildConfiguration;
			buildSettings = {
				ASSETCATALOG_COMPILER_APPICON_NAME = AppIcon;
				ASSETCATALOG_COMPILER_GLOBAL_ACCENT_COLOR_NAME = AccentColor;
				CODE_SIGN_STYLE = Automatic;
				CURRENT_PROJECT_VERSION = 1;
				ENABLE_PREVIEWS = YES;
				GENERATE_INFOPLIST_FILE = YES;
				INFOPLIST_FILE = AtOnce/Info.plist;
				INFOPLIST_KEY_UIApplicationSceneManifest_Generation = YES;
				INFOPLIST_KEY_UIApplicationSupportsIndirectInputEvents = YES;
				INFOPLIST_KEY_UILaunchScreen_Generation = YES;
				INFOPLIST_KEY_UISupportedInterfaceOrientations_iPad = "UIInterfaceOrientationPortrait UIInterfaceOrientationPortraitUpsideDown UIInterfaceOrientationLandscapeLeft UIInterfaceOrientationLandscapeRight";
				INFOPLIST_KEY_UISupportedInterfaceOrientations_iPhone = "UIInterfaceOrientationPortrait UIInterfaceOrientationLandscapeLeft UIInterfaceOrientationLandscapeRight";
				LD_RUNPATH_SEARCH_PATHS = (
					"$(inherited)",
					"@executable_path/Frameworks",
				);
				MARKETING_VERSION = 1.0;
				PRODUCT_BUNDLE_IDENTIFIER = "ITI.At-Once";
				PRODUCT_NAME = "$(TARGET_NAME)";
				SWIFT_EMIT_LOC_STRINGS = YES;
				SWIFT_VERSION = 5.0;
				TARGETED_DEVICE_FAMILY = "1,2";
			};
			name = Debug;
		};
		04DBB8C52DFADAEF006AA2FE /* Release */ = {
			isa = XCBuildConfiguration;
			buildSettings = {
				ASSETCATALOG_COMPILER_APPICON_NAME = AppIcon;
				ASSETCATALOG_COMPILER_GLOBAL_ACCENT_COLOR_NAME = AccentColor;
				CODE_SIGN_STYLE = Automatic;
				CURRENT_PROJECT_VERSION = 1;
				ENABLE_PREVIEWS = YES;
				GENERATE_INFOPLIST_FILE = YES;
				INFOPLIST_FILE = AtOnce/Info.plist;
				INFOPLIST_KEY_UIApplicationSceneManifest_Generation = YES;
				INFOPLIST_KEY_UIApplicationSupportsIndirectInputEvents = YES;
				INFOPLIST_KEY_UILaunchScreen_Generation = YES;
				INFOPLIST_KEY_UISupportedInterfaceOrientations_iPad = "UIInterfaceOrientationPortrait UIInterfaceOrientationPortraitUpsideDown UIInterfaceOrientationLandscapeLeft UIInterfaceOrientationLandscapeRight";
				INFOPLIST_KEY_UISupportedInterfaceOrientations_iPhone = "UIInterfaceOrientationPortrait UIInterfaceOrientationLandscapeLeft UIInterfaceOrientationLandscapeRight";
				LD_RUNPATH_SEARCH_PATHS = (
					"$(inherited)",
					"@executable_path/Frameworks",
				);
				MARKETING_VERSION = 1.0;
				PRODUCT_BUNDLE_IDENTIFIER = "ITI.At-Once";
				PRODUCT_NAME = "$(TARGET_NAME)";
				SWIFT_EMIT_LOC_STRINGS = YES;
				SWIFT_VERSION = 5.0;
				TARGETED_DEVICE_FAMILY = "1,2";
			};
			name = Release;
		};
		04DBB8C72DFADAEF006AA2FE /* Debug */ = {
			isa = XCBuildConfiguration;
			buildSettings = {
				BUNDLE_LOADER = "$(TEST_HOST)";
				CODE_SIGN_STYLE = Automatic;
				CURRENT_PROJECT_VERSION = 1;
				GENERATE_INFOPLIST_FILE = YES;
				IPHONEOS_DEPLOYMENT_TARGET = 18.4;
				MARKETING_VERSION = 1.0;
				PRODUCT_BUNDLE_IDENTIFIER = "ITI.At-OnceTests";
				PRODUCT_NAME = "$(TARGET_NAME)";
				SWIFT_EMIT_LOC_STRINGS = NO;
				SWIFT_VERSION = 5.0;
				TARGETED_DEVICE_FAMILY = "1,2";
				TEST_HOST = "$(BUILT_PRODUCTS_DIR)/AtOnce.app/$(BUNDLE_EXECUTABLE_FOLDER_PATH)/AtOnce";
			};
			name = Debug;
		};
		04DBB8C82DFADAEF006AA2FE /* Release */ = {
			isa = XCBuildConfiguration;
			buildSettings = {
				BUNDLE_LOADER = "$(TEST_HOST)";
				CODE_SIGN_STYLE = Automatic;
				CURRENT_PROJECT_VERSION = 1;
				GENERATE_INFOPLIST_FILE = YES;
				IPHONEOS_DEPLOYMENT_TARGET = 18.4;
				MARKETING_VERSION = 1.0;
				PRODUCT_BUNDLE_IDENTIFIER = "ITI.At-OnceTests";
				PRODUCT_NAME = "$(TARGET_NAME)";
				SWIFT_EMIT_LOC_STRINGS = NO;
				SWIFT_VERSION = 5.0;
				TARGETED_DEVICE_FAMILY = "1,2";
				TEST_HOST = "$(BUILT_PRODUCTS_DIR)/AtOnce.app/$(BUNDLE_EXECUTABLE_FOLDER_PATH)/AtOnce";
			};
			name = Release;
		};
		04DBB8CA2DFADAEF006AA2FE /* Debug */ = {
			isa = XCBuildConfiguration;
			buildSettings = {
				CODE_SIGN_STYLE = Automatic;
				CURRENT_PROJECT_VERSION = 1;
				GENERATE_INFOPLIST_FILE = YES;
				MARKETING_VERSION = 1.0;
				PRODUCT_BUNDLE_IDENTIFIER = "ITI.At-OnceUITests";
				PRODUCT_NAME = "$(TARGET_NAME)";
				SWIFT_EMIT_LOC_STRINGS = NO;
				SWIFT_VERSION = 5.0;
				TARGETED_DEVICE_FAMILY = "1,2";
				TEST_TARGET_NAME = "At Once";
			};
			name = Debug;
		};
		04DBB8CB2DFADAEF006AA2FE /* Release */ = {
			isa = XCBuildConfiguration;
			buildSettings = {
				CODE_SIGN_STYLE = Automatic;
				CURRENT_PROJECT_VERSION = 1;
				GENERATE_INFOPLIST_FILE = YES;
				MARKETING_VERSION = 1.0;
				PRODUCT_BUNDLE_IDENTIFIER = "ITI.At-OnceUITests";
				PRODUCT_NAME = "$(TARGET_NAME)";
				SWIFT_EMIT_LOC_STRINGS = NO;
				SWIFT_VERSION = 5.0;
				TARGETED_DEVICE_FAMILY = "1,2";
				TEST_TARGET_NAME = "At Once";
			};
			name = Release;
		};
/* End XCBuildConfiguration section */

/* Begin XCConfigurationList section */
		04DBB8982DFADAEE006AA2FE /* Build configuration list for PBXProject "AtOnce" */ = {
			isa = XCConfigurationList;
			buildConfigurations = (
				04DBB8C12DFADAEF006AA2FE /* Debug */,
				04DBB8C22DFADAEF006AA2FE /* Release */,
			);
			defaultConfigurationIsVisible = 0;
			defaultConfigurationName = Release;
		};
		04DBB8C32DFADAEF006AA2FE /* Build configuration list for PBXNativeTarget "AtOnce" */ = {
			isa = XCConfigurationList;
			buildConfigurations = (
				04DBB8C42DFADAEF006AA2FE /* Debug */,
				04DBB8C52DFADAEF006AA2FE /* Release */,
			);
			defaultConfigurationIsVisible = 0;
			defaultConfigurationName = Release;
		};
		04DBB8C62DFADAEF006AA2FE /* Build configuration list for PBXNativeTarget "AtOnceTests" */ = {
			isa = XCConfigurationList;
			buildConfigurations = (
				04DBB8C72DFADAEF006AA2FE /* Debug */,
				04DBB8C82DFADAEF006AA2FE /* Release */,
			);
			defaultConfigurationIsVisible = 0;
			defaultConfigurationName = Release;
		};
		04DBB8C92DFADAEF006AA2FE /* Build configuration list for PBXNativeTarget "AtOnceUITests" */ = {
			isa = XCConfigurationList;
			buildConfigurations = (
				04DBB8CA2DFADAEF006AA2FE /* Debug */,
				04DBB8CB2DFADAEF006AA2FE /* Release */,
			);
			defaultConfigurationIsVisible = 0;
			defaultConfigurationName = Release;
		};
/* End XCConfigurationList section */

/* Begin XCRemoteSwiftPackageReference section */
		04011B2E2E060FB7002944F5 /* XCRemoteSwiftPackageReference "Alamofire" */ = {
			isa = XCRemoteSwiftPackageReference;
			repositoryURL = "https://github.com/Alamofire/Alamofire.git";
			requirement = {
				kind = upToNextMajorVersion;
				minimumVersion = 5.10.2;
			};
		};
		041AE5A52E06ABF6000827B3 /* XCRemoteSwiftPackageReference "Swinject" */ = {
			isa = XCRemoteSwiftPackageReference;
			repositoryURL = "https://github.com/Swinject/Swinject.git";
			requirement = {
				kind = upToNextMajorVersion;
				minimumVersion = 2.9.1;
			};
		};
		041AE5F12E06B673000827B3 /* XCRemoteSwiftPackageReference "SwiftUI-Shimmer" */ = {
			isa = XCRemoteSwiftPackageReference;
			repositoryURL = "https://github.com/markiv/SwiftUI-Shimmer";
			requirement = {
				kind = upToNextMajorVersion;
				minimumVersion = 1.5.1;
			};
		};
		B83DCD1F2E09A730009FE751 /* XCRemoteSwiftPackageReference "CodeScanner" */ = {
			isa = XCRemoteSwiftPackageReference;
			repositoryURL = "https://github.com/twostraws/CodeScanner";
			requirement = {
				kind = upToNextMajorVersion;
				minimumVersion = 2.5.2;
			};
		};
		EEC8F94F2E0C14F0000FD709 /* XCRemoteSwiftPackageReference "lottie-ios" */ = {
			isa = XCRemoteSwiftPackageReference;
			repositoryURL = "https://github.com/airbnb/lottie-ios";
			requirement = {
				kind = upToNextMajorVersion;
				minimumVersion = 4.5.2;
			};
		};
/* End XCRemoteSwiftPackageReference section */

/* Begin XCSwiftPackageProductDependency section */
		04011B2F2E060FB7002944F5 /* Alamofire */ = {
			isa = XCSwiftPackageProductDependency;
			package = 04011B2E2E060FB7002944F5 /* XCRemoteSwiftPackageReference "Alamofire" */;
			productName = Alamofire;
		};
		041AE5A62E06ABF6000827B3 /* Swinject */ = {
			isa = XCSwiftPackageProductDependency;
			package = 041AE5A52E06ABF6000827B3 /* XCRemoteSwiftPackageReference "Swinject" */;
			productName = Swinject;
		};
		041AE5F22E06B673000827B3 /* Shimmer */ = {
			isa = XCSwiftPackageProductDependency;
			package = 041AE5F12E06B673000827B3 /* XCRemoteSwiftPackageReference "SwiftUI-Shimmer" */;
			productName = Shimmer;
		};
		B83DCD202E09A730009FE751 /* CodeScanner */ = {
			isa = XCSwiftPackageProductDependency;
			package = B83DCD1F2E09A730009FE751 /* XCRemoteSwiftPackageReference "CodeScanner" */;
			productName = CodeScanner;
		};
		EEC8F9502E0C14F0000FD709 /* Lottie */ = {
			isa = XCSwiftPackageProductDependency;
			package = EEC8F94F2E0C14F0000FD709 /* XCRemoteSwiftPackageReference "lottie-ios" */;
			productName = Lottie;
		};
/* End XCSwiftPackageProductDependency section */
	};
	rootObject = 04DBB8952DFADAEE006AA2FE /* Project object */;
}
