// !$*UTF8*$!
{
	archiveVersion = 1;
	classes = {
	};
	objectVersion = 77;
	objects = {

/* Begin PBXContainerItemProxy section */
		04DBB8B02DFADAEF006AA2FE /* PBXContainerItemProxy */ = {
			isa = PBXContainerItemProxy;
			containerPortal = 04DBB8952DFADAEE006AA2FE /* Project object */;
			proxyType = 1;
			remoteGlobalIDString = 04DBB89C2DFADAEE006AA2FE;
			remoteInfo = "At Once";
		};
		04DBB8BA2DFADAEF006AA2FE /* PBXContainerItemProxy */ = {
			isa = PBXContainerItemProxy;
			containerPortal = 04DBB8952DFADAEE006AA2FE /* Project object */;
			proxyType = 1;
			remoteGlobalIDString = 04DBB89C2DFADAEE006AA2FE;
			remoteInfo = "At Once";
		};
/* End PBXContainerItemProxy section */

/* Begin PBXFileReference section */
		04DBB89D2DFADAEE006AA2FE /* At Once.app */ = {isa = PBXFileReference; explicitFileType = wrapper.application; includeInIndex = 0; path = "At Once.app"; sourceTree = BUILT_PRODUCTS_DIR; };
		04DBB8AF2DFADAEF006AA2FE /* At OnceTests.xctest */ = {isa = PBXFileReference; explicitFileType = wrapper.cfbundle; includeInIndex = 0; path = "At OnceTests.xctest"; sourceTree = BUILT_PRODUCTS_DIR; };
		04DBB8B92DFADAEF006AA2FE /* At OnceUITests.xctest */ = {isa = PBXFileReference; explicitFileType = wrapper.cfbundle; includeInIndex = 0; path = "At OnceUITests.xctest"; sourceTree = BUILT_PRODUCTS_DIR; };
/* End PBXFileReference section */

/* Begin PBXFileSystemSynchronizedRootGroup section */
		04DBB89F2DFADAEE006AA2FE /* At Once */ = {
			isa = PBXFileSystemSynchronizedRootGroup;
			path = "At Once";
			sourceTree = "<group>";
		};
		04DBB8B22DFADAEF006AA2FE /* At OnceTests */ = {
			isa = PBXFileSystemSynchronizedRootGroup;
			path = "At OnceTests";
			sourceTree = "<group>";
		};
		04DBB8BC2DFADAEF006AA2FE /* At OnceUITests */ = {
			isa = PBXFileSystemSynchronizedRootGroup;
			path = "At OnceUITests";
			sourceTree = "<group>";
		};
/* End PBXFileSystemSynchronizedRootGroup section */

/* Begin PBXFrameworksBuildPhase section */
		04DBB89A2DFADAEE006AA2FE /* Frameworks */ = {
			isa = PBXFrameworksBuildPhase;
			buildActionMask = 2147483647;
			files = (
			);
			runOnlyForDeploymentPostprocessing = 0;
		};
		04DBB8AC2DFADAEF006AA2FE /* Frameworks */ = {
			isa = PBXFrameworksBuildPhase;
			buildActionMask = 2147483647;
			files = (
			);
			runOnlyForDeploymentPostprocessing = 0;
		};
		04DBB8B62DFADAEF006AA2FE /* Frameworks */ = {
			isa = PBXFrameworksBuildPhase;
			buildActionMask = 2147483647;
			files = (
			);
			runOnlyForDeploymentPostprocessing = 0;
		};
/* End PBXFrameworksBuildPhase section */

/* Begin PBXGroup section */
		04DBB8942DFADAEE006AA2FE = {
			isa = PBXGroup;
			children = (
				04DBB89F2DFADAEE006AA2FE /* At Once */,
				04DBB8B22DFADAEF006AA2FE /* At OnceTests */,
				04DBB8BC2DFADAEF006AA2FE /* At OnceUITests */,
				04DBB89E2DFADAEE006AA2FE /* Products */,
			);
			sourceTree = "<group>";
		};
		04DBB89E2DFADAEE006AA2FE /* Products */ = {
			isa = PBXGroup;
			children = (
				04DBB89D2DFADAEE006AA2FE /* At Once.app */,
				04DBB8AF2DFADAEF006AA2FE /* At OnceTests.xctest */,
				04DBB8B92DFADAEF006AA2FE /* At OnceUITests.xctest */,
			);
			name = Products;
			sourceTree = "<group>";
		};
/* End PBXGroup section */

/* Begin PBXNativeTarget section */
		04DBB89C2DFADAEE006AA2FE /* At Once */ = {
			isa = PBXNativeTarget;
			buildConfigurationList = 04DBB8C32DFADAEF006AA2FE /* Build configuration list for PBXNativeTarget "At Once" */;
			buildPhases = (
				04DBB8992DFADAEE006AA2FE /* Sources */,
				04DBB89A2DFADAEE006AA2FE /* Frameworks */,
				04DBB89B2DFADAEE006AA2FE /* Resources */,
			);
			buildRules = (
			);
			dependencies = (
			);
			fileSystemSynchronizedGroups = (
				04DBB89F2DFADAEE006AA2FE /* At Once */,
			);
			name = "At Once";
			packageProductDependencies = (
			);
			productName = "At Once";
			productReference = 04DBB89D2DFADAEE006AA2FE /* At Once.app */;
			productType = "com.apple.product-type.application";
		};
		04DBB8AE2DFADAEF006AA2FE /* At OnceTests */ = {
			isa = PBXNativeTarget;
			buildConfigurationList = 04DBB8C62DFADAEF006AA2FE /* Build configuration list for PBXNativeTarget "At OnceTests" */;
			buildPhases = (
				04DBB8AB2DFADAEF006AA2FE /* Sources */,
				04DBB8AC2DFADAEF006AA2FE /* Frameworks */,
				04DBB8AD2DFADAEF006AA2FE /* Resources */,
			);
			buildRules = (
			);
			dependencies = (
				04DBB8B12DFADAEF006AA2FE /* PBXTargetDependency */,
			);
			fileSystemSynchronizedGroups = (
				04DBB8B22DFADAEF006AA2FE /* At OnceTests */,
			);
			name = "At OnceTests";
			packageProductDependencies = (
			);
			productName = "At OnceTests";
			productReference = 04DBB8AF2DFADAEF006AA2FE /* At OnceTests.xctest */;
			productType = "com.apple.product-type.bundle.unit-test";
		};
		04DBB8B82DFADAEF006AA2FE /* At OnceUITests */ = {
			isa = PBXNativeTarget;
			buildConfigurationList = 04DBB8C92DFADAEF006AA2FE /* Build configuration list for PBXNativeTarget "At OnceUITests" */;
			buildPhases = (
				04DBB8B52DFADAEF006AA2FE /* Sources */,
				04DBB8B62DFADAEF006AA2FE /* Frameworks */,
				04DBB8B72DFADAEF006AA2FE /* Resources */,
			);
			buildRules = (
			);
			dependencies = (
				04DBB8BB2DFADAEF006AA2FE /* PBXTargetDependency */,
			);
			fileSystemSynchronizedGroups = (
				04DBB8BC2DFADAEF006AA2FE /* At OnceUITests */,
			);
			name = "At OnceUITests";
			packageProductDependencies = (
			);
			productName = "At OnceUITests";
			productReference = 04DBB8B92DFADAEF006AA2FE /* At OnceUITests.xctest */;
			productType = "com.apple.product-type.bundle.ui-testing";
		};
/* End PBXNativeTarget section */

/* Begin PBXProject section */
		04DBB8952DFADAEE006AA2FE /* Project object */ = {
			isa = PBXProject;
			attributes = {
				BuildIndependentTargetsInParallel = 1;
				LastSwiftUpdateCheck = 1630;
				LastUpgradeCheck = 1630;
				TargetAttributes = {
					04DBB89C2DFADAEE006AA2FE = {
						CreatedOnToolsVersion = 16.3;
					};
					04DBB8AE2DFADAEF006AA2FE = {
						CreatedOnToolsVersion = 16.3;
						TestTargetID = 04DBB89C2DFADAEE006AA2FE;
					};
					04DBB8B82DFADAEF006AA2FE = {
						CreatedOnToolsVersion = 16.3;
						TestTargetID = 04DBB89C2DFADAEE006AA2FE;
					};
				};
			};
			buildConfigurationList = 04DBB8982DFADAEE006AA2FE /* Build configuration list for PBXProject "At Once" */;
			developmentRegion = en;
			hasScannedForEncodings = 0;
			knownRegions = (
				en,
				Base,
				ar,
			);
			mainGroup = 04DBB8942DFADAEE006AA2FE;
			minimizedProjectReferenceProxies = 1;
			preferredProjectObjectVersion = 77;
			productRefGroup = 04DBB89E2DFADAEE006AA2FE /* Products */;
			projectDirPath = "";
			projectRoot = "";
			targets = (
				04DBB89C2DFADAEE006AA2FE /* At Once */,
				04DBB8AE2DFADAEF006AA2FE /* At OnceTests */,
				04DBB8B82DFADAEF006AA2FE /* At OnceUITests */,
			);
		};
/* End PBXProject section */

/* Begin PBXResourcesBuildPhase section */
		04DBB89B2DFADAEE006AA2FE /* Resources */ = {
			isa = PBXResourcesBuildPhase;
			buildActionMask = 2147483647;
			files = (
			);
			runOnlyForDeploymentPostprocessing = 0;
		};
		04DBB8AD2DFADAEF006AA2FE /* Resources */ = {
			isa = PBXResourcesBuildPhase;
			buildActionMask = 2147483647;
			files = (
			);
			runOnlyForDeploymentPostprocessing = 0;
		};
		04DBB8B72DFADAEF006AA2FE /* Resources */ = {
			isa = PBXResourcesBuildPhase;
			buildActionMask = 2147483647;
			files = (
			);
			runOnlyForDeploymentPostprocessing = 0;
		};
/* End PBXResourcesBuildPhase section */

/* Begin PBXSourcesBuildPhase section */
		04DBB8992DFADAEE006AA2FE /* Sources */ = {
			isa = PBXSourcesBuildPhase;
			buildActionMask = 2147483647;
			files = (
			);
			runOnlyForDeploymentPostprocessing = 0;
		};
		04DBB8AB2DFADAEF006AA2FE /* Sources */ = {
			isa = PBXSourcesBuildPhase;
			buildActionMask = 2147483647;
			files = (
			);
			runOnlyForDeploymentPostprocessing = 0;
		};
		04DBB8B52DFADAEF006AA2FE /* Sources */ = {
			isa = PBXSourcesBuildPhase;
			buildActionMask = 2147483647;
			files = (
			);
			runOnlyForDeploymentPostprocessing = 0;
		};
/* End PBXSourcesBuildPhase section */

/* Begin PBXTargetDependency section */
		04DBB8B12DFADAEF006AA2FE /* PBXTargetDependency */ = {
			isa = PBXTargetDependency;
			target = 04DBB89C2DFADAEE006AA2FE /* At Once */;
			targetProxy = 04DBB8B02DFADAEF006AA2FE /* PBXContainerItemProxy */;
		};
		04DBB8BB2DFADAEF006AA2FE /* PBXTargetDependency */ = {
			isa = PBXTargetDependency;
			target = 04DBB89C2DFADAEE006AA2FE /* At Once */;
			targetProxy = 04DBB8BA2DFADAEF006AA2FE /* PBXContainerItemProxy */;
		};
/* End PBXTargetDependency section */

/* Begin XCBuildConfiguration section */
		04DBB8C12DFADAEF006AA2FE /* Debug */ = {
			isa = XCBuildConfiguration;
			buildSettings = {
				ALWAYS_SEARCH_USER_PATHS = NO;
				ASSETCATALOG_COMPILER_GENERATE_SWIFT_ASSET_SYMBOL_EXTENSIONS = YES;
				CLANG_ANALYZER_NONNULL = YES;
				CLANG_ANALYZER_NUMBER_OBJECT_CONVERSION = YES_AGGRESSIVE;
				CLANG_CXX_LANGUAGE_STANDARD = "gnu++20";
				CLANG_ENABLE_MODULES = YES;
				CLANG_ENABLE_OBJC_ARC = YES;
				CLANG_ENABLE_OBJC_WEAK = YES;
				CLANG_WARN_BLOCK_CAPTURE_AUTORELEASING = YES;
				CLANG_WARN_BOOL_CONVERSION = YES;
				CLANG_WARN_COMMA = YES;
				CLANG_WARN_CONSTANT_CONVERSION = YES;
				CLANG_WARN_DEPRECATED_OBJC_IMPLEMENTATIONS = YES;
				CLANG_WARN_DIRECT_OBJC_ISA_USAGE = YES_ERROR;
				CLANG_WARN_DOCUMENTATION_COMMENTS = YES;
				CLANG_WARN_EMPTY_BODY = YES;
				CLANG_WARN_ENUM_CONVERSION = YES;
				CLANG_WARN_INFINITE_RECURSION = YES;
				CLANG_WARN_INT_CONVERSION = YES;
				CLANG_WARN_NON_LITERAL_NULL_CONVERSION = YES;
				CLANG_WARN_OBJC_IMPLICIT_RETAIN_SELF = YES;
				CLANG_WARN_OBJC_LITERAL_CONVERSION = YES;
				CLANG_WARN_OBJC_ROOT_CLASS = YES_ERROR;
				CLANG_WARN_QUOTED_INCLUDE_IN_FRAMEWORK_HEADER = YES;
				CLANG_WARN_RANGE_LOOP_ANALYSIS = YES;
				CLANG_WARN_STRICT_PROTOTYPES = YES;
				CLANG_WARN_SUSPICIOUS_MOVE = YES;
				CLANG_WARN_UNGUARDED_AVAILABILITY = YES_AGGRESSIVE;
				CLANG_WARN_UNREACHABLE_CODE = YES;
				CLANG_WARN__DUPLICATE_METHOD_MATCH = YES;
				COPY_PHASE_STRIP = NO;
				DEBUG_INFORMATION_FORMAT = dwarf;
				ENABLE_STRICT_OBJC_MSGSEND = YES;
				ENABLE_TESTABILITY = YES;
				ENABLE_USER_SCRIPT_SANDBOXING = YES;
				GCC_C_LANGUAGE_STANDARD = gnu17;
				GCC_DYNAMIC_NO_PIC = NO;
				GCC_NO_COMMON_BLOCKS = YES;
				GCC_OPTIMIZATION_LEVEL = 0;
				GCC_PREPROCESSOR_DEFINITIONS = (
					"DEBUG=1",
					"$(inherited)",
				);
				GCC_WARN_64_TO_32_BIT_CONVERSION = YES;
				GCC_WARN_ABOUT_RETURN_TYPE = YES_ERROR;
				GCC_WARN_UNDECLARED_SELECTOR = YES;
				GCC_WARN_UNINITIALIZED_AUTOS = YES_AGGRESSIVE;
				GCC_WARN_UNUSED_FUNCTION = YES;
				GCC_WARN_UNUSED_VARIABLE = YES;
				IPHONEOS_DEPLOYMENT_TARGET = 18.4;
				LOCALIZATION_PREFERS_STRING_CATALOGS = YES;
				MTL_ENABLE_DEBUG_INFO = INCLUDE_SOURCE;
				MTL_FAST_MATH = YES;
				ONLY_ACTIVE_ARCH = YES;
				SDKROOT = iphoneos;
				SWIFT_ACTIVE_COMPILATION_CONDITIONS = "DEBUG $(inherited)";
				SWIFT_EMIT_LOC_STRINGS = YES;
				SWIFT_OPTIMIZATION_LEVEL = "-Onone";
			};
			name = Debug;
		};
		04DBB8C22DFADAEF006AA2FE /* Release */ = {
			isa = XCBuildConfiguration;
			buildSettings = {
				ALWAYS_SEARCH_USER_PATHS = NO;
				ASSETCATALOG_COMPILER_GENERATE_SWIFT_ASSET_SYMBOL_EXTENSIONS = YES;
				CLANG_ANALYZER_NONNULL = YES;
				CLANG_ANALYZER_NUMBER_OBJECT_CONVERSION = YES_AGGRESSIVE;
				CLANG_CXX_LANGUAGE_STANDARD = "gnu++20";
				CLANG_ENABLE_MODULES = YES;
				CLANG_ENABLE_OBJC_ARC = YES;
				CLANG_ENABLE_OBJC_WEAK = YES;
				CLANG_WARN_BLOCK_CAPTURE_AUTORELEASING = YES;
				CLANG_WARN_BOOL_CONVERSION = YES;
				CLANG_WARN_COMMA = YES;
				CLANG_WARN_CONSTANT_CONVERSION = YES;
				CLANG_WARN_DEPRECATED_OBJC_IMPLEMENTATIONS = YES;
				CLANG_WARN_DIRECT_OBJC_ISA_USAGE = YES_ERROR;
				CLANG_WARN_DOCUMENTATION_COMMENTS = YES;
				CLANG_WARN_EMPTY_BODY = YES;
				CLANG_WARN_ENUM_CONVERSION = YES;
				CLANG_WARN_INFINITE_RECURSION = YES;
				CLANG_WARN_INT_CONVERSION = YES;
				CLANG_WARN_NON_LITERAL_NULL_CONVERSION = YES;
				CLANG_WARN_OBJC_IMPLICIT_RETAIN_SELF = YES;
				CLANG_WARN_OBJC_LITERAL_CONVERSION = YES;
				CLANG_WARN_OBJC_ROOT_CLASS = YES_ERROR;
				CLANG_WARN_QUOTED_INCLUDE_IN_FRAMEWORK_HEADER = YES;
				CLANG_WARN_RANGE_LOOP_ANALYSIS = YES;
				CLANG_WARN_STRICT_PROTOTYPES = YES;
				CLANG_WARN_SUSPICIOUS_MOVE = YES;
				CLANG_WARN_UNGUARDED_AVAILABILITY = YES_AGGRESSIVE;
				CLANG_WARN_UNREACHABLE_CODE = YES;
				CLANG_WARN__DUPLICATE_METHOD_MATCH = YES;
				COPY_PHASE_STRIP = NO;
				DEBUG_INFORMATION_FORMAT = "dwarf-with-dsym";
				ENABLE_NS_ASSERTIONS = NO;
				ENABLE_STRICT_OBJC_MSGSEND = YES;
				ENABLE_USER_SCRIPT_SANDBOXING = YES;
				GCC_C_LANGUAGE_STANDARD = gnu17;
				GCC_NO_COMMON_BLOCKS = YES;
				GCC_WARN_64_TO_32_BIT_CONVERSION = YES;
				GCC_WARN_ABOUT_RETURN_TYPE = YES_ERROR;
				GCC_WARN_UNDECLARED_SELECTOR = YES;
				GCC_WARN_UNINITIALIZED_AUTOS = YES_AGGRESSIVE;
				GCC_WARN_UNUSED_FUNCTION = YES;
				GCC_WARN_UNUSED_VARIABLE = YES;
				IPHONEOS_DEPLOYMENT_TARGET = 18.4;
				LOCALIZATION_PREFERS_STRING_CATALOGS = YES;
				MTL_ENABLE_DEBUG_INFO = NO;
				MTL_FAST_MATH = YES;
				SDKROOT = iphoneos;
				SWIFT_COMPILATION_MODE = wholemodule;
				SWIFT_EMIT_LOC_STRINGS = YES;
				VALIDATE_PRODUCT = YES;
			};
			name = Release;
		};
		04DBB8C42DFADAEF006AA2FE /* Debug */ = {
			isa = XCBuildConfiguration;
			buildSettings = {
				ASSETCATALOG_COMPILER_APPICON_NAME = AppIcon;
				ASSETCATALOG_COMPILER_GLOBAL_ACCENT_COLOR_NAME = AccentColor;
				CODE_SIGN_STYLE = Automatic;
				CURRENT_PROJECT_VERSION = 1;
				ENABLE_PREVIEWS = YES;
				GENERATE_INFOPLIST_FILE = YES;
				INFOPLIST_KEY_UIApplicationSceneManifest_Generation = YES;
				INFOPLIST_KEY_UIApplicationSupportsIndirectInputEvents = YES;
				INFOPLIST_KEY_UILaunchScreen_Generation = YES;
				INFOPLIST_KEY_UISupportedInterfaceOrientations_iPad = "UIInterfaceOrientationPortrait UIInterfaceOrientationPortraitUpsideDown UIInterfaceOrientationLandscapeLeft UIInterfaceOrientationLandscapeRight";
				INFOPLIST_KEY_UISupportedInterfaceOrientations_iPhone = "UIInterfaceOrientationPortrait UIInterfaceOrientationLandscapeLeft UIInterfaceOrientationLandscapeRight";
				LD_RUNPATH_SEARCH_PATHS = (
					"$(inherited)",
					"@executable_path/Frameworks",
				);
				MARKETING_VERSION = 1.0;
				PRODUCT_BUNDLE_IDENTIFIER = "ITI.At-Once";
				PRODUCT_NAME = "$(TARGET_NAME)";
				SWIFT_EMIT_LOC_STRINGS = YES;
				SWIFT_VERSION = 5.0;
				TARGETED_DEVICE_FAMILY = "1,2";
			};
			name = Debug;
		};
		04DBB8C52DFADAEF006AA2FE /* Release */ = {
			isa = XCBuildConfiguration;
			buildSettings = {
				ASSETCATALOG_COMPILER_APPICON_NAME = AppIcon;
				ASSETCATALOG_COMPILER_GLOBAL_ACCENT_COLOR_NAME = AccentColor;
				CODE_SIGN_STYLE = Automatic;
				CURRENT_PROJECT_VERSION = 1;
				ENABLE_PREVIEWS = YES;
				GENERATE_INFOPLIST_FILE = YES;
				INFOPLIST_KEY_UIApplicationSceneManifest_Generation = YES;
				INFOPLIST_KEY_UIApplicationSupportsIndirectInputEvents = YES;
				INFOPLIST_KEY_UILaunchScreen_Generation = YES;
				INFOPLIST_KEY_UISupportedInterfaceOrientations_iPad = "UIInterfaceOrientationPortrait UIInterfaceOrientationPortraitUpsideDown UIInterfaceOrientationLandscapeLeft UIInterfaceOrientationLandscapeRight";
				INFOPLIST_KEY_UISupportedInterfaceOrientations_iPhone = "UIInterfaceOrientationPortrait UIInterfaceOrientationLandscapeLeft UIInterfaceOrientationLandscapeRight";
				LD_RUNPATH_SEARCH_PATHS = (
					"$(inherited)",
					"@executable_path/Frameworks",
				);
				MARKETING_VERSION = 1.0;
				PRODUCT_BUNDLE_IDENTIFIER = "ITI.At-Once";
				PRODUCT_NAME = "$(TARGET_NAME)";
				SWIFT_EMIT_LOC_STRINGS = YES;
				SWIFT_VERSION = 5.0;
				TARGETED_DEVICE_FAMILY = "1,2";
			};
			name = Release;
		};
		04DBB8C72DFADAEF006AA2FE /* Debug */ = {
			isa = XCBuildConfiguration;
			buildSettings = {
				BUNDLE_LOADER = "$(TEST_HOST)";
				CODE_SIGN_STYLE = Automatic;
				CURRENT_PROJECT_VERSION = 1;
				GENERATE_INFOPLIST_FILE = YES;
				IPHONEOS_DEPLOYMENT_TARGET = 18.4;
				MARKETING_VERSION = 1.0;
				PRODUCT_BUNDLE_IDENTIFIER = "ITI.At-OnceTests";
				PRODUCT_NAME = "$(TARGET_NAME)";
				SWIFT_EMIT_LOC_STRINGS = NO;
				SWIFT_VERSION = 5.0;
				TARGETED_DEVICE_FAMILY = "1,2";
				TEST_HOST = "$(BUILT_PRODUCTS_DIR)/At Once.app/$(BUNDLE_EXECUTABLE_FOLDER_PATH)/At Once";
			};
			name = Debug;
		};
		04DBB8C82DFADAEF006AA2FE /* Release */ = {
			isa = XCBuildConfiguration;
			buildSettings = {
				BUNDLE_LOADER = "$(TEST_HOST)";
				CODE_SIGN_STYLE = Automatic;
				CURRENT_PROJECT_VERSION = 1;
				GENERATE_INFOPLIST_FILE = YES;
				IPHONEOS_DEPLOYMENT_TARGET = 18.4;
				MARKETING_VERSION = 1.0;
				PRODUCT_BUNDLE_IDENTIFIER = "ITI.At-OnceTests";
				PRODUCT_NAME = "$(TARGET_NAME)";
				SWIFT_EMIT_LOC_STRINGS = NO;
				SWIFT_VERSION = 5.0;
				TARGETED_DEVICE_FAMILY = "1,2";
				TEST_HOST = "$(BUILT_PRODUCTS_DIR)/At Once.app/$(BUNDLE_EXECUTABLE_FOLDER_PATH)/At Once";
			};
			name = Release;
		};
		04DBB8CA2DFADAEF006AA2FE /* Debug */ = {
			isa = XCBuildConfiguration;
			buildSettings = {
				CODE_SIGN_STYLE = Automatic;
				CURRENT_PROJECT_VERSION = 1;
				GENERATE_INFOPLIST_FILE = YES;
				MARKETING_VERSION = 1.0;
				PRODUCT_BUNDLE_IDENTIFIER = "ITI.At-OnceUITests";
				PRODUCT_NAME = "$(TARGET_NAME)";
				SWIFT_EMIT_LOC_STRINGS = NO;
				SWIFT_VERSION = 5.0;
				TARGETED_DEVICE_FAMILY = "1,2";
				TEST_TARGET_NAME = "At Once";
			};
			name = Debug;
		};
		04DBB8CB2DFADAEF006AA2FE /* Release */ = {
			isa = XCBuildConfiguration;
			buildSettings = {
				CODE_SIGN_STYLE = Automatic;
				CURRENT_PROJECT_VERSION = 1;
				GENERATE_INFOPLIST_FILE = YES;
				MARKETING_VERSION = 1.0;
				PRODUCT_BUNDLE_IDENTIFIER = "ITI.At-OnceUITests";
				PRODUCT_NAME = "$(TARGET_NAME)";
				SWIFT_EMIT_LOC_STRINGS = NO;
				SWIFT_VERSION = 5.0;
				TARGETED_DEVICE_FAMILY = "1,2";
				TEST_TARGET_NAME = "At Once";
			};
			name = Release;
		};
/* End XCBuildConfiguration section */

/* Begin XCConfigurationList section */
		04DBB8982DFADAEE006AA2FE /* Build configuration list for PBXProject "At Once" */ = {
			isa = XCConfigurationList;
			buildConfigurations = (
				04DBB8C12DFADAEF006AA2FE /* Debug */,
				04DBB8C22DFADAEF006AA2FE /* Release */,
			);
			defaultConfigurationIsVisible = 0;
			defaultConfigurationName = Release;
		};
		04DBB8C32DFADAEF006AA2FE /* Build configuration list for PBXNativeTarget "At Once" */ = {
			isa = XCConfigurationList;
			buildConfigurations = (
				04DBB8C42DFADAEF006AA2FE /* Debug */,
				04DBB8C52DFADAEF006AA2FE /* Release */,
			);
			defaultConfigurationIsVisible = 0;
			defaultConfigurationName = Release;
		};
		04DBB8C62DFADAEF006AA2FE /* Build configuration list for PBXNativeTarget "At OnceTests" */ = {
			isa = XCConfigurationList;
			buildConfigurations = (
				04DBB8C72DFADAEF006AA2FE /* Debug */,
				04DBB8C82DFADAEF006AA2FE /* Release */,
			);
			defaultConfigurationIsVisible = 0;
			defaultConfigurationName = Release;
		};
		04DBB8C92DFADAEF006AA2FE /* Build configuration list for PBXNativeTarget "At OnceUITests" */ = {
			isa = XCConfigurationList;
			buildConfigurations = (
				04DBB8CA2DFADAEF006AA2FE /* Debug */,
				04DBB8CB2DFADAEF006AA2FE /* Release */,
			);
			defaultConfigurationIsVisible = 0;
			defaultConfigurationName = Release;
		};
/* End XCConfigurationList section */
	};
	rootObject = 04DBB8952DFADAEE006AA2FE /* Project object */;
}
